
Microsoft Visual Studio Solution File, Format Version 12.00
# Visual Studio Version 16
VisualStudioVersion = 16.0.31112.23
MinimumVisualStudioVersion = 10.0.40219.1
Project("{FAE04EC0-301F-11D3-BF4B-00C04F79EFBC}") = "123", "123\123.csproj", "{F5EE1575-6943-4AEF-9F87-F227541A7FB8}"
EndProject
Project("{FAE04EC0-301F-11D3-BF4B-00C04F79EFBC}") = "3", "3\3.csproj", "{9BF00649-7D12-4684-AEF7-BCD5A378C9A7}"
EndProject
Global
	GlobalSection(SolutionConfigurationPlatforms) = preSolution
		Debug|Any CPU = Debug|Any CPU
		Release|Any CPU = Release|Any CPU
	EndGlobalSection
	GlobalSection(ProjectConfigurationPlatforms) = postSolution
		{F5EE1575-6943-4AEF-9F87-F227541A7FB8}.Debug|Any CPU.ActiveCfg = Debug|Any CPU
		{F5EE1575-6943-4AEF-9F87-F227541A7FB8}.Debug|Any CPU.Build.0 = Debug|Any CPU
		{F5EE1575-6943-4AEF-9F87-F227541A7FB8}.Release|Any CPU.ActiveCfg = Release|Any CPU
		{F5EE1575-6943-4AEF-9F87-F227541A7FB8}.Release|Any CPU.Build.0 = Release|Any CPU
		{9BF00649-7D12-4684-AEF7-BCD5A378C9A7}.Debug|Any CPU.ActiveCfg = Debug|Any CPU
		{9BF00649-7D12-4684-AEF7-BCD5A378C9A7}.Debug|Any CPU.Build.0 = Debug|Any CPU
		{9BF00649-7D12-4684-AEF7-BCD5A378C9A7}.Release|Any CPU.ActiveCfg = Release|Any CPU
		{9BF00649-7D12-4684-AEF7-BCD5A378C9A7}.Release|Any CPU.Build.0 = Release|Any CPU
	EndGlobalSection
	GlobalSection(SolutionProperties) = preSolution
		HideSolutionNode = FALSE
	EndGlobalSection
	GlobalSection(ExtensibilityGlobals) = postSolution
		SolutionGuid = {DDE8AAD2-C1E8-42CF-A1C6-A14A857E4742}
	EndGlobalSection
EndGlobal
